
Microsoft Visual Studio Solution File, Format Version 12.00
# Visual Studio Version 17
VisualStudioVersion = 17.8.34330.188
MinimumVisualStudioVersion = 10.0.40219.1
Project("{FAE04EC0-301F-11D3-BF4B-00C04F79EFBC}") = "MP2v2", "MP2v2\MP2v2.csproj", "{203AAD07-3FA9-4AF9-AEC0-7853C5FE0E1E}"
EndProject
Global
	GlobalSection(SolutionConfigurationPlatforms) = preSolution
		Debug|Any CPU = Debug|Any CPU
		Release|Any CPU = Release|Any CPU
	EndGlobalSection
	GlobalSection(ProjectConfigurationPlatforms) = postSolution
		{203AAD07-3FA9-4AF9-AEC0-7853C5FE0E1E}.Debug|Any CPU.ActiveCfg = Debug|Any CPU
		{203AAD07-3FA9-4AF9-AEC0-7853C5FE0E1E}.Debug|Any CPU.Build.0 = Debug|Any CPU
		{203AAD07-3FA9-4AF9-AEC0-7853C5FE0E1E}.Release|Any CPU.ActiveCfg = Release|Any CPU
		{203AAD07-3FA9-4AF9-AEC0-7853C5FE0E1E}.Release|Any CPU.Build.0 = Release|Any CPU
	EndGlobalSection
	GlobalSection(SolutionProperties) = preSolution
		HideSolutionNode = FALSE
	EndGlobalSection
	GlobalSection(ExtensibilityGlobals) = postSolution
		SolutionGuid = {81A2C188-4162-44BE-BABE-DDB160C4CD91}
	EndGlobalSection
EndGlobal
